
Microsoft Visual Studio Solution File, Format Version 12.00
# Visual Studio Version 17
VisualStudioVersion = 17.8.34408.163
MinimumVisualStudioVersion = 10.0.40219.1
Project("{FAE04EC0-301F-11D3-BF4B-00C04F79EFBC}") = "QLPt", "QLPt\QLPt.csproj", "{98E2FC31-6788-4BCB-9C03-6EB9BAD1C71D}"
EndProject
Global
	GlobalSection(SolutionConfigurationPlatforms) = preSolution
		Debug|Any CPU = Debug|Any CPU
		Release|Any CPU = Release|Any CPU
	EndGlobalSection
	GlobalSection(ProjectConfigurationPlatforms) = postSolution
		{98E2FC31-6788-4BCB-9C03-6EB9BAD1C71D}.Debug|Any CPU.ActiveCfg = Debug|Any CPU
		{98E2FC31-6788-4BCB-9C03-6EB9BAD1C71D}.Debug|Any CPU.Build.0 = Debug|Any CPU
		{98E2FC31-6788-4BCB-9C03-6EB9BAD1C71D}.Release|Any CPU.ActiveCfg = Release|Any CPU
		{98E2FC31-6788-4BCB-9C03-6EB9BAD1C71D}.Release|Any CPU.Build.0 = Release|Any CPU
	EndGlobalSection
	GlobalSection(SolutionProperties) = preSolution
		HideSolutionNode = FALSE
	EndGlobalSection
	GlobalSection(ExtensibilityGlobals) = postSolution
		SolutionGuid = {D4E6083A-5BF8-4248-8F9D-026B6883C44E}
	EndGlobalSection
EndGlobal
